
Microsoft Visual Studio Solution File, Format Version 12.00
# Visual Studio Version 17
VisualStudioVersion = 17.0.31903.59
MinimumVisualStudioVersion = 10.0.40219.1
Project("{F2A71F9B-5D33-465A-A702-920D77279786}") = "DotNetLicenses", "DotNetLicenses\DotNetLicenses.fsproj", "{C83CBEB0-2621-44BE-8534-00F4CA6E3A04}"
EndProject
Project("{2150E333-8FDC-42A3-9474-1A3956D46DE8}") = "Solution Items", "Solution Items", "{CD52BEA7-DDF4-4F32-BAD0-5BF0BF061624}"
	ProjectSection(SolutionItems) = preProject
		CONTRIBUTING.md = CONTRIBUTING.md
		.gitignore = .gitignore
		.editorconfig = .editorconfig
		README.md = README.md
		CHANGELOG.md = CHANGELOG.md
		MAINTAINING.md = MAINTAINING.md
		Directory.Build.props = Directory.Build.props
		DotNetLicenses.sln.license = DotNetLicenses.sln.license
		.dotnet-licenses.toml = .dotnet-licenses.toml
		.dotnet-licenses.lock.toml = .dotnet-licenses.lock.toml
		.dotnet-licenses.lock.toml.license = .dotnet-licenses.lock.toml.license
	EndProjectSection
EndProject
Project("{2150E333-8FDC-42A3-9474-1A3956D46DE8}") = "scripts", "scripts", "{EE856C4C-E5E8-48AF-97EA-586848FD9F2A}"
	ProjectSection(SolutionItems) = preProject
		scripts\github-actions.fsx = scripts\github-actions.fsx
		scripts\Get-Version.ps1 = scripts\Get-Version.ps1
		scripts\Test-Encoding.ps1 = scripts\Test-Encoding.ps1
		scripts\Test-LicenseHeaders.ps1 = scripts\Test-LicenseHeaders.ps1
	EndProjectSection
EndProject
Project("{2150E333-8FDC-42A3-9474-1A3956D46DE8}") = ".github", ".github", "{0FE1F889-3A72-4D9B-883F-E6A6A40753F8}"
	ProjectSection(SolutionItems) = preProject
		.github\dependabot.yml = .github\dependabot.yml
	EndProjectSection
EndProject
Project("{2150E333-8FDC-42A3-9474-1A3956D46DE8}") = "workflows", "workflows", "{3E052F53-740F-4399-99E3-677A722B113E}"
	ProjectSection(SolutionItems) = preProject
		.github\workflows\main.yml = .github\workflows\main.yml
		.github\workflows\release.yml = .github\workflows\release.yml
		.github\workflows\main.yml.license = .github\workflows\main.yml.license
		.github\workflows\release.yml.license = .github\workflows\release.yml.license
	EndProjectSection
EndProject
Project("{2150E333-8FDC-42A3-9474-1A3956D46DE8}") = "LICENSES", "LICENSES", "{CE9C58F3-67FC-47D8-8F86-15AE0DB07785}"
	ProjectSection(SolutionItems) = preProject
		LICENSES\CC0-1.0.txt = LICENSES\CC0-1.0.txt
		LICENSES\MIT.txt = LICENSES\MIT.txt
	EndProjectSection
EndProject
Project("{2150E333-8FDC-42A3-9474-1A3956D46DE8}") = ".reuse", ".reuse", "{F530A23A-3F2D-4931-80BB-523E685AB02C}"
	ProjectSection(SolutionItems) = preProject
		.reuse\dep5 = .reuse\dep5
	EndProjectSection
EndProject
Project("{2150E333-8FDC-42A3-9474-1A3956D46DE8}") = "docs", "docs", "{DDEA4E73-D91A-4377-A85B-39AED223E11C}"
	ProjectSection(SolutionItems) = preProject
		docs\concepts.md = docs\concepts.md
	EndProjectSection
EndProject
Project("{F2A71F9B-5D33-465A-A702-920D77279786}") = "DotNetLicenses.Tests", "DotNetLicenses.Tests\DotNetLicenses.Tests.fsproj", "{BE360378-5E54-466A-9A38-089DEA0DB950}"
EndProject
Project("{F2A71F9B-5D33-465A-A702-920D77279786}") = "DotNetLicenses.TestFramework", "DotNetLicenses.TestFramework\DotNetLicenses.TestFramework.fsproj", "{3272F71B-9EDF-4553-826D-3201B46B02ED}"
EndProject
Global
	GlobalSection(SolutionConfigurationPlatforms) = preSolution
		Debug|Any CPU = Debug|Any CPU
		Release|Any CPU = Release|Any CPU
	EndGlobalSection
	GlobalSection(SolutionProperties) = preSolution
		HideSolutionNode = FALSE
	EndGlobalSection
	GlobalSection(ProjectConfigurationPlatforms) = postSolution
		{C83CBEB0-2621-44BE-8534-00F4CA6E3A04}.Debug|Any CPU.ActiveCfg = Debug|Any CPU
		{C83CBEB0-2621-44BE-8534-00F4CA6E3A04}.Debug|Any CPU.Build.0 = Debug|Any CPU
		{C83CBEB0-2621-44BE-8534-00F4CA6E3A04}.Release|Any CPU.ActiveCfg = Release|Any CPU
		{C83CBEB0-2621-44BE-8534-00F4CA6E3A04}.Release|Any CPU.Build.0 = Release|Any CPU
		{BE360378-5E54-466A-9A38-089DEA0DB950}.Debug|Any CPU.ActiveCfg = Debug|Any CPU
		{BE360378-5E54-466A-9A38-089DEA0DB950}.Debug|Any CPU.Build.0 = Debug|Any CPU
		{BE360378-5E54-466A-9A38-089DEA0DB950}.Release|Any CPU.ActiveCfg = Release|Any CPU
		{BE360378-5E54-466A-9A38-089DEA0DB950}.Release|Any CPU.Build.0 = Release|Any CPU
		{3272F71B-9EDF-4553-826D-3201B46B02ED}.Debug|Any CPU.ActiveCfg = Debug|Any CPU
		{3272F71B-9EDF-4553-826D-3201B46B02ED}.Debug|Any CPU.Build.0 = Debug|Any CPU
		{3272F71B-9EDF-4553-826D-3201B46B02ED}.Release|Any CPU.ActiveCfg = Release|Any CPU
		{3272F71B-9EDF-4553-826D-3201B46B02ED}.Release|Any CPU.Build.0 = Release|Any CPU
	EndGlobalSection
	GlobalSection(NestedProjects) = preSolution
		{3E052F53-740F-4399-99E3-677A722B113E} = {0FE1F889-3A72-4D9B-883F-E6A6A40753F8}
	EndGlobalSection
EndGlobal
